
Microsoft Visual Studio Solution File, Format Version 12.00
# Visual Studio Version 16
VisualStudioVersion = 16.0.31205.134
MinimumVisualStudioVersion = 10.0.40219.1
Project("{9A19103F-16F7-4668-BE54-9A1E7A4F7556}") = "Domain", "Domain\Domain.csproj", "{2C0D93B0-BFD9-42FC-A495-BE56F969958D}"
EndProject
Project("{9A19103F-16F7-4668-BE54-9A1E7A4F7556}") = "ConsoleApp1", "ConsoleApp1\ConsoleApp1.csproj", "{EF01BB82-0503-48E0-924B-9DDAF5FD23D4}"
EndProject
Project("{9A19103F-16F7-4668-BE54-9A1E7A4F7556}") = "DataAccessLayer", "DataAccessLayer\DataAccessLayer.csproj", "{6EB971CB-B021-4171-8736-D27376A87CFE}"
EndProject
Project("{9A19103F-16F7-4668-BE54-9A1E7A4F7556}") = "CaseStudyTakmicenje", "CaseStudyTakmicenje\CaseStudyTakmicenje.csproj", "{6C027BE6-F344-45EE-81DC-BA9EAC5C5B07}"
EndProject
Global
	GlobalSection(SolutionConfigurationPlatforms) = preSolution
		Debug|Any CPU = Debug|Any CPU
		Release|Any CPU = Release|Any CPU
	EndGlobalSection
	GlobalSection(ProjectConfigurationPlatforms) = postSolution
		{2C0D93B0-BFD9-42FC-A495-BE56F969958D}.Debug|Any CPU.ActiveCfg = Debug|Any CPU
		{2C0D93B0-BFD9-42FC-A495-BE56F969958D}.Debug|Any CPU.Build.0 = Debug|Any CPU
		{2C0D93B0-BFD9-42FC-A495-BE56F969958D}.Release|Any CPU.ActiveCfg = Release|Any CPU
		{2C0D93B0-BFD9-42FC-A495-BE56F969958D}.Release|Any CPU.Build.0 = Release|Any CPU
		{EF01BB82-0503-48E0-924B-9DDAF5FD23D4}.Debug|Any CPU.ActiveCfg = Debug|Any CPU
		{EF01BB82-0503-48E0-924B-9DDAF5FD23D4}.Debug|Any CPU.Build.0 = Debug|Any CPU
		{EF01BB82-0503-48E0-924B-9DDAF5FD23D4}.Release|Any CPU.ActiveCfg = Release|Any CPU
		{EF01BB82-0503-48E0-924B-9DDAF5FD23D4}.Release|Any CPU.Build.0 = Release|Any CPU
		{6EB971CB-B021-4171-8736-D27376A87CFE}.Debug|Any CPU.ActiveCfg = Debug|Any CPU
		{6EB971CB-B021-4171-8736-D27376A87CFE}.Debug|Any CPU.Build.0 = Debug|Any CPU
		{6EB971CB-B021-4171-8736-D27376A87CFE}.Release|Any CPU.ActiveCfg = Release|Any CPU
		{6EB971CB-B021-4171-8736-D27376A87CFE}.Release|Any CPU.Build.0 = Release|Any CPU
		{6C027BE6-F344-45EE-81DC-BA9EAC5C5B07}.Debug|Any CPU.ActiveCfg = Debug|Any CPU
		{6C027BE6-F344-45EE-81DC-BA9EAC5C5B07}.Debug|Any CPU.Build.0 = Debug|Any CPU
		{6C027BE6-F344-45EE-81DC-BA9EAC5C5B07}.Release|Any CPU.ActiveCfg = Release|Any CPU
		{6C027BE6-F344-45EE-81DC-BA9EAC5C5B07}.Release|Any CPU.Build.0 = Release|Any CPU
	EndGlobalSection
	GlobalSection(SolutionProperties) = preSolution
		HideSolutionNode = FALSE
	EndGlobalSection
	GlobalSection(ExtensibilityGlobals) = postSolution
		SolutionGuid = {26B0B3CF-7077-4BDA-9B05-2113DBA7761A}
	EndGlobalSection
EndGlobal
